
Microsoft Visual Studio Solution File, Format Version 12.00
# Visual Studio 15
VisualStudioVersion = 15.0.28307.852
MinimumVisualStudioVersion = 10.0.40219.1
Project("{FAE04EC0-301F-11D3-BF4B-00C04F79EFBC}") = "FastCaracterGenerator", "FastCaracterGenerator\FastCaracterGenerator.csproj", "{EC7365CA-5310-44CC-A3E1-C259B6A02D40}"
EndProject
Global
	GlobalSection(SolutionConfigurationPlatforms) = preSolution
		Debug|Any CPU = Debug|Any CPU
		Release|Any CPU = Release|Any CPU
	EndGlobalSection
	GlobalSection(ProjectConfigurationPlatforms) = postSolution
		{EC7365CA-5310-44CC-A3E1-C259B6A02D40}.Debug|Any CPU.ActiveCfg = Debug|Any CPU
		{EC7365CA-5310-44CC-A3E1-C259B6A02D40}.Debug|Any CPU.Build.0 = Debug|Any CPU
		{EC7365CA-5310-44CC-A3E1-C259B6A02D40}.Release|Any CPU.ActiveCfg = Release|Any CPU
		{EC7365CA-5310-44CC-A3E1-C259B6A02D40}.Release|Any CPU.Build.0 = Release|Any CPU
	EndGlobalSection
	GlobalSection(SolutionProperties) = preSolution
		HideSolutionNode = FALSE
	EndGlobalSection
	GlobalSection(ExtensibilityGlobals) = postSolution
		SolutionGuid = {8F0D9018-E393-4714-AD61-DFB3D51D9B8E}
	EndGlobalSection
EndGlobal
